
Microsoft Visual Studio Solution File, Format Version 12.00
# Visual Studio Version 17
VisualStudioVersion = 17.14.36623.8 d17.14
MinimumVisualStudioVersion = 10.0.40219.1
Project("{FAE04EC0-301F-11D3-BF4B-00C04F79EFBC}") = "EverybodyCodes2025", "EverybodyCodes2025\EverybodyCodes2025.csproj", "{1970AE7C-4C08-4B94-A163-2E384A0093A7}"
EndProject
Global
	GlobalSection(SolutionConfigurationPlatforms) = preSolution
		Debug|Any CPU = Debug|Any CPU
		Release|Any CPU = Release|Any CPU
	EndGlobalSection
	GlobalSection(ProjectConfigurationPlatforms) = postSolution
		{1970AE7C-4C08-4B94-A163-2E384A0093A7}.Debug|Any CPU.ActiveCfg = Debug|Any CPU
		{1970AE7C-4C08-4B94-A163-2E384A0093A7}.Debug|Any CPU.Build.0 = Debug|Any CPU
		{1970AE7C-4C08-4B94-A163-2E384A0093A7}.Release|Any CPU.ActiveCfg = Release|Any CPU
		{1970AE7C-4C08-4B94-A163-2E384A0093A7}.Release|Any CPU.Build.0 = Release|Any CPU
	EndGlobalSection
	GlobalSection(SolutionProperties) = preSolution
		HideSolutionNode = FALSE
	EndGlobalSection
	GlobalSection(ExtensibilityGlobals) = postSolution
		SolutionGuid = {D48A8EA3-BCAA-49D2-A011-71770F3E87E2}
	EndGlobalSection
EndGlobal
